// !$*UTF8*$!
{
	archiveVersion = 1;
	classes = {
	};
	objectVersion = 56;
	objects = {

/* Begin PBXBuildFile section */
		3D6F960F2964F8F500FEFBF8 /* HeaderView.swift in Sources */ = {isa = PBXBuildFile; fileRef = 3D6F960E2964F8F500FEFBF8 /* HeaderView.swift */; };
		3D6F961A2965042E00FEFBF8 /* RatingView.swift in Sources */ = {isa = PBXBuildFile; fileRef = 3D6F96192965042E00FEFBF8 /* RatingView.swift */; };
		3D6F961C2965243100FEFBF8 /* HistoryView.swift in Sources */ = {isa = PBXBuildFile; fileRef = 3D6F961B2965243100FEFBF8 /* HistoryView.swift */; };
		3D6F961E2965264800FEFBF8 /* DateExtension.swift in Sources */ = {isa = PBXBuildFile; fileRef = 3D6F961D2965264800FEFBF8 /* DateExtension.swift */; };
		3D6F9621296539EE00FEFBF8 /* ImageExtension.swift in Sources */ = {isa = PBXBuildFile; fileRef = 3D6F9620296539EE00FEFBF8 /* ImageExtension.swift */; };
		3D6F962329653E8E00FEFBF8 /* SuccessView.swift in Sources */ = {isa = PBXBuildFile; fileRef = 3D6F962229653E8E00FEFBF8 /* SuccessView.swift */; };
		3D6F962529655E0300FEFBF8 /* Exercise.swift in Sources */ = {isa = PBXBuildFile; fileRef = 3D6F962429655E0300FEFBF8 /* Exercise.swift */; };
		3D6F96282965617500FEFBF8 /* HistoryStore.swift in Sources */ = {isa = PBXBuildFile; fileRef = 3D6F96272965617500FEFBF8 /* HistoryStore.swift */; };
		3D6F962A296566D100FEFBF8 /* HistoryStoreDevelopmentData.swift in Sources */ = {isa = PBXBuildFile; fileRef = 3D6F9629296566D100FEFBF8 /* HistoryStoreDevelopmentData.swift */; };
		3D6F962D296655D700FEFBF8 /* Localizable.strings in Resources */ = {isa = PBXBuildFile; fileRef = 3D6F962F296655D700FEFBF8 /* Localizable.strings */; };
		3D6F96312966854400FEFBF8 /* Burpee.mp4 in Resources */ = {isa = PBXBuildFile; fileRef = 3D6F96332966854400FEFBF8 /* Burpee.mp4 */; };
		3D6F9634296686B500FEFBF8 /* Squat.mp4 in Resources */ = {isa = PBXBuildFile; fileRef = 3D6F9636296686B500FEFBF8 /* Squat.mp4 */; };
		3D6F9637296686BB00FEFBF8 /* StepUp.mp4 in Resources */ = {isa = PBXBuildFile; fileRef = 3D6F9639296686BB00FEFBF8 /* StepUp.mp4 */; };
		3D6F963A296686C000FEFBF8 /* SunSalute.mp4 in Resources */ = {isa = PBXBuildFile; fileRef = 3D6F963C296686C000FEFBF8 /* SunSalute.mp4 */; };
		3D6F963E2966A86C00FEFBF8 /* TimerView.swift in Sources */ = {isa = PBXBuildFile; fileRef = 3D6F963D2966A86C00FEFBF8 /* TimerView.swift */; };
		9036BB132964AEB00006C850 /* HIITFitApp.swift in Sources */ = {isa = PBXBuildFile; fileRef = 9036BB122964AEB00006C850 /* HIITFitApp.swift */; };
		9036BB152964AEB00006C850 /* ContentView.swift in Sources */ = {isa = PBXBuildFile; fileRef = 9036BB142964AEB00006C850 /* ContentView.swift */; };
		9036BB172964AEB10006C850 /* Assets.xcassets in Resources */ = {isa = PBXBuildFile; fileRef = 9036BB162964AEB10006C850 /* Assets.xcassets */; };
		9036BB1B2964AEB10006C850 /* Preview Assets.xcassets in Resources */ = {isa = PBXBuildFile; fileRef = 9036BB1A2964AEB10006C850 /* Preview Assets.xcassets */; };
		9036BB222964B84B0006C850 /* WelcomeView.swift in Sources */ = {isa = PBXBuildFile; fileRef = 9036BB212964B84B0006C850 /* WelcomeView.swift */; };
		9036BB242964B8540006C850 /* ExerciseView.swift in Sources */ = {isa = PBXBuildFile; fileRef = 9036BB232964B8540006C850 /* ExerciseView.swift */; };
/* End PBXBuildFile section */

/* Begin PBXFileReference section */
		3D6F960E2964F8F500FEFBF8 /* HeaderView.swift */ = {isa = PBXFileReference; lastKnownFileType = sourcecode.swift; path = HeaderView.swift; sourceTree = "<group>"; };
		3D6F96192965042E00FEFBF8 /* RatingView.swift */ = {isa = PBXFileReference; lastKnownFileType = sourcecode.swift; path = RatingView.swift; sourceTree = "<group>"; };
		3D6F961B2965243100FEFBF8 /* HistoryView.swift */ = {isa = PBXFileReference; lastKnownFileType = sourcecode.swift; path = HistoryView.swift; sourceTree = "<group>"; };
		3D6F961D2965264800FEFBF8 /* DateExtension.swift */ = {isa = PBXFileReference; lastKnownFileType = sourcecode.swift; path = DateExtension.swift; sourceTree = "<group>"; };
		3D6F9620296539EE00FEFBF8 /* ImageExtension.swift */ = {isa = PBXFileReference; lastKnownFileType = sourcecode.swift; path = ImageExtension.swift; sourceTree = "<group>"; };
		3D6F962229653E8E00FEFBF8 /* SuccessView.swift */ = {isa = PBXFileReference; lastKnownFileType = sourcecode.swift; path = SuccessView.swift; sourceTree = "<group>"; };
		3D6F962429655E0300FEFBF8 /* Exercise.swift */ = {isa = PBXFileReference; lastKnownFileType = sourcecode.swift; path = Exercise.swift; sourceTree = "<group>"; };
		3D6F96272965617500FEFBF8 /* HistoryStore.swift */ = {isa = PBXFileReference; lastKnownFileType = sourcecode.swift; path = HistoryStore.swift; sourceTree = "<group>"; };
		3D6F9629296566D100FEFBF8 /* HistoryStoreDevelopmentData.swift */ = {isa = PBXFileReference; lastKnownFileType = sourcecode.swift; path = HistoryStoreDevelopmentData.swift; sourceTree = "<group>"; };
		3D6F962E296655D700FEFBF8 /* en */ = {isa = PBXFileReference; lastKnownFileType = text.plist.strings; name = en; path = en.lproj/Localizable.strings; sourceTree = "<group>"; };
		3D6F963029665E1400FEFBF8 /* ko */ = {isa = PBXFileReference; lastKnownFileType = text.plist.strings; name = ko; path = ko.lproj/Localizable.strings; sourceTree = "<group>"; };
		3D6F96322966854400FEFBF8 /* Base */ = {isa = PBXFileReference; lastKnownFileType = file; name = Base; path = Base.lproj/Burpee.mp4; sourceTree = "<group>"; };
		3D6F9635296686B500FEFBF8 /* Base */ = {isa = PBXFileReference; lastKnownFileType = file; name = Base; path = Base.lproj/Squat.mp4; sourceTree = "<group>"; };
		3D6F9638296686BB00FEFBF8 /* Base */ = {isa = PBXFileReference; lastKnownFileType = file; name = Base; path = Base.lproj/StepUp.mp4; sourceTree = "<group>"; };
		3D6F963B296686C000FEFBF8 /* Base */ = {isa = PBXFileReference; lastKnownFileType = file; name = Base; path = Base.lproj/SunSalute.mp4; sourceTree = "<group>"; };
		3D6F963D2966A86C00FEFBF8 /* TimerView.swift */ = {isa = PBXFileReference; lastKnownFileType = sourcecode.swift; path = TimerView.swift; sourceTree = "<group>"; };
		3D6F963F2967A20000FEFBF8 /* Info.plist */ = {isa = PBXFileReference; lastKnownFileType = text.plist; path = Info.plist; sourceTree = "<group>"; };
		9036BB0F2964AEB00006C850 /* HIITFit.app */ = {isa = PBXFileReference; explicitFileType = wrapper.application; includeInIndex = 0; path = HIITFit.app; sourceTree = BUILT_PRODUCTS_DIR; };
		9036BB122964AEB00006C850 /* HIITFitApp.swift */ = {isa = PBXFileReference; lastKnownFileType = sourcecode.swift; path = HIITFitApp.swift; sourceTree = "<group>"; };
		9036BB142964AEB00006C850 /* ContentView.swift */ = {isa = PBXFileReference; lastKnownFileType = sourcecode.swift; path = ContentView.swift; sourceTree = "<group>"; };
		9036BB162964AEB10006C850 /* Assets.xcassets */ = {isa = PBXFileReference; lastKnownFileType = folder.assetcatalog; path = Assets.xcassets; sourceTree = "<group>"; };
		9036BB182964AEB10006C850 /* HIITFit.entitlements */ = {isa = PBXFileReference; lastKnownFileType = text.plist.entitlements; path = HIITFit.entitlements; sourceTree = "<group>"; };
		9036BB1A2964AEB10006C850 /* Preview Assets.xcassets */ = {isa = PBXFileReference; lastKnownFileType = folder.assetcatalog; path = "Preview Assets.xcassets"; sourceTree = "<group>"; };
		9036BB212964B84B0006C850 /* WelcomeView.swift */ = {isa = PBXFileReference; lastKnownFileType = sourcecode.swift; path = WelcomeView.swift; sourceTree = "<group>"; };
		9036BB232964B8540006C850 /* ExerciseView.swift */ = {isa = PBXFileReference; lastKnownFileType = sourcecode.swift; path = ExerciseView.swift; sourceTree = "<group>"; };
/* End PBXFileReference section */

/* Begin PBXFrameworksBuildPhase section */
		9036BB0C2964AEB00006C850 /* Frameworks */ = {
			isa = PBXFrameworksBuildPhase;
			buildActionMask = 2147483647;
			files = (
			);
			runOnlyForDeploymentPostprocessing = 0;
		};
/* End PBXFrameworksBuildPhase section */

/* Begin PBXGroup section */
		3D6F96102964FD6800FEFBF8 /* Videos */ = {
			isa = PBXGroup;
			children = (
				3D6F96332966854400FEFBF8 /* Burpee.mp4 */,
				3D6F9636296686B500FEFBF8 /* Squat.mp4 */,
				3D6F9639296686BB00FEFBF8 /* StepUp.mp4 */,
				3D6F963C296686C000FEFBF8 /* SunSalute.mp4 */,
			);
			path = Videos;
			sourceTree = "<group>";
		};
		3D6F961F2965275500FEFBF8 /* Utils */ = {
			isa = PBXGroup;
			children = (
				3D6F961D2965264800FEFBF8 /* DateExtension.swift */,
				3D6F9620296539EE00FEFBF8 /* ImageExtension.swift */,
			);
			path = Utils;
			sourceTree = "<group>";
		};
		3D6F96262965615C00FEFBF8 /* Models */ = {
			isa = PBXGroup;
			children = (
				3D6F962429655E0300FEFBF8 /* Exercise.swift */,
				3D6F96272965617500FEFBF8 /* HistoryStore.swift */,
			);
			path = Models;
			sourceTree = "<group>";
		};
		9036BB062964AEB00006C850 = {
			isa = PBXGroup;
			children = (
				9036BB112964AEB00006C850 /* HIITFit */,
				9036BB102964AEB00006C850 /* Products */,
			);
			sourceTree = "<group>";
		};
		9036BB102964AEB00006C850 /* Products */ = {
			isa = PBXGroup;
			children = (
				9036BB0F2964AEB00006C850 /* HIITFit.app */,
			);
			name = Products;
			sourceTree = "<group>";
		};
		9036BB112964AEB00006C850 /* HIITFit */ = {
			isa = PBXGroup;
			children = (
				3D6F963F2967A20000FEFBF8 /* Info.plist */,
				3D6F96262965615C00FEFBF8 /* Models */,
				3D6F961F2965275500FEFBF8 /* Utils */,
				3D6F96102964FD6800FEFBF8 /* Videos */,
				9036BB122964AEB00006C850 /* HIITFitApp.swift */,
				9036BB252964B87C0006C850 /* Views */,
				9036BB162964AEB10006C850 /* Assets.xcassets */,
				9036BB182964AEB10006C850 /* HIITFit.entitlements */,
				9036BB192964AEB10006C850 /* Preview Content */,
				3D6F962F296655D700FEFBF8 /* Localizable.strings */,
			);
			path = HIITFit;
			sourceTree = "<group>";
		};
		9036BB192964AEB10006C850 /* Preview Content */ = {
			isa = PBXGroup;
			children = (
				9036BB1A2964AEB10006C850 /* Preview Assets.xcassets */,
				3D6F9629296566D100FEFBF8 /* HistoryStoreDevelopmentData.swift */,
			);
			path = "Preview Content";
			sourceTree = "<group>";
		};
		9036BB252964B87C0006C850 /* Views */ = {
			isa = PBXGroup;
			children = (
				9036BB142964AEB00006C850 /* ContentView.swift */,
				9036BB212964B84B0006C850 /* WelcomeView.swift */,
				9036BB232964B8540006C850 /* ExerciseView.swift */,
				3D6F96192965042E00FEFBF8 /* RatingView.swift */,
				3D6F960E2964F8F500FEFBF8 /* HeaderView.swift */,
				3D6F961B2965243100FEFBF8 /* HistoryView.swift */,
				3D6F962229653E8E00FEFBF8 /* SuccessView.swift */,
				3D6F963D2966A86C00FEFBF8 /* TimerView.swift */,
			);
			path = Views;
			sourceTree = "<group>";
		};
/* End PBXGroup section */

/* Begin PBXNativeTarget section */
		9036BB0E2964AEB00006C850 /* HIITFit */ = {
			isa = PBXNativeTarget;
			buildConfigurationList = 9036BB1E2964AEB10006C850 /* Build configuration list for PBXNativeTarget "HIITFit" */;
			buildPhases = (
				9036BB0B2964AEB00006C850 /* Sources */,
				9036BB0C2964AEB00006C850 /* Frameworks */,
				9036BB0D2964AEB00006C850 /* Resources */,
			);
			buildRules = (
			);
			dependencies = (
			);
			name = HIITFit;
			productName = HIITFit;
			productReference = 9036BB0F2964AEB00006C850 /* HIITFit.app */;
			productType = "com.apple.product-type.application";
		};
/* End PBXNativeTarget section */

/* Begin PBXProject section */
		9036BB072964AEB00006C850 /* Project object */ = {
			isa = PBXProject;
			attributes = {
				BuildIndependentTargetsInParallel = 1;
				LastSwiftUpdateCheck = 1420;
				LastUpgradeCheck = 1420;
				TargetAttributes = {
					9036BB0E2964AEB00006C850 = {
						CreatedOnToolsVersion = 14.2;
					};
				};
			};
			buildConfigurationList = 9036BB0A2964AEB00006C850 /* Build configuration list for PBXProject "HIITFit" */;
			compatibilityVersion = "Xcode 14.0";
			developmentRegion = en;
			hasScannedForEncodings = 0;
			knownRegions = (
				en,
				Base,
				ko,
			);
			mainGroup = 9036BB062964AEB00006C850;
			productRefGroup = 9036BB102964AEB00006C850 /* Products */;
			projectDirPath = "";
			projectRoot = "";
			targets = (
				9036BB0E2964AEB00006C850 /* HIITFit */,
			);
		};
/* End PBXProject section */

/* Begin PBXResourcesBuildPhase section */
		9036BB0D2964AEB00006C850 /* Resources */ = {
			isa = PBXResourcesBuildPhase;
			buildActionMask = 2147483647;
			files = (
				3D6F963A296686C000FEFBF8 /* SunSalute.mp4 in Resources */,
				3D6F96312966854400FEFBF8 /* Burpee.mp4 in Resources */,
				9036BB1B2964AEB10006C850 /* Preview Assets.xcassets in Resources */,
				3D6F962D296655D700FEFBF8 /* Localizable.strings in Resources */,
				9036BB172964AEB10006C850 /* Assets.xcassets in Resources */,
				3D6F9634296686B500FEFBF8 /* Squat.mp4 in Resources */,
				3D6F9637296686BB00FEFBF8 /* StepUp.mp4 in Resources */,
			);
			runOnlyForDeploymentPostprocessing = 0;
		};
/* End PBXResourcesBuildPhase section */

/* Begin PBXSourcesBuildPhase section */
		9036BB0B2964AEB00006C850 /* Sources */ = {
			isa = PBXSourcesBuildPhase;
			buildActionMask = 2147483647;
			files = (
				3D6F963E2966A86C00FEFBF8 /* TimerView.swift in Sources */,
				3D6F962A296566D100FEFBF8 /* HistoryStoreDevelopmentData.swift in Sources */,
				3D6F961C2965243100FEFBF8 /* HistoryView.swift in Sources */,
				3D6F961E2965264800FEFBF8 /* DateExtension.swift in Sources */,
				3D6F962329653E8E00FEFBF8 /* SuccessView.swift in Sources */,
				3D6F960F2964F8F500FEFBF8 /* HeaderView.swift in Sources */,
				3D6F96282965617500FEFBF8 /* HistoryStore.swift in Sources */,
				9036BB242964B8540006C850 /* ExerciseView.swift in Sources */,
				9036BB152964AEB00006C850 /* ContentView.swift in Sources */,
				3D6F962529655E0300FEFBF8 /* Exercise.swift in Sources */,
				3D6F961A2965042E00FEFBF8 /* RatingView.swift in Sources */,
				9036BB222964B84B0006C850 /* WelcomeView.swift in Sources */,
				3D6F9621296539EE00FEFBF8 /* ImageExtension.swift in Sources */,
				9036BB132964AEB00006C850 /* HIITFitApp.swift in Sources */,
			);
			runOnlyForDeploymentPostprocessing = 0;
		};
/* End PBXSourcesBuildPhase section */

/* Begin PBXVariantGroup section */
		3D6F962F296655D700FEFBF8 /* Localizable.strings */ = {
			isa = PBXVariantGroup;
			children = (
				3D6F962E296655D700FEFBF8 /* en */,
				3D6F963029665E1400FEFBF8 /* ko */,
			);
			name = Localizable.strings;
			sourceTree = "<group>";
		};
		3D6F96332966854400FEFBF8 /* Burpee.mp4 */ = {
			isa = PBXVariantGroup;
			children = (
				3D6F96322966854400FEFBF8 /* Base */,
			);
			name = Burpee.mp4;
			sourceTree = "<group>";
		};
		3D6F9636296686B500FEFBF8 /* Squat.mp4 */ = {
			isa = PBXVariantGroup;
			children = (
				3D6F9635296686B500FEFBF8 /* Base */,
			);
			name = Squat.mp4;
			sourceTree = "<group>";
		};
		3D6F9639296686BB00FEFBF8 /* StepUp.mp4 */ = {
			isa = PBXVariantGroup;
			children = (
				3D6F9638296686BB00FEFBF8 /* Base */,
			);
			name = StepUp.mp4;
			sourceTree = "<group>";
		};
		3D6F963C296686C000FEFBF8 /* SunSalute.mp4 */ = {
			isa = PBXVariantGroup;
			children = (
				3D6F963B296686C000FEFBF8 /* Base */,
			);
			name = SunSalute.mp4;
			sourceTree = "<group>";
		};
/* End PBXVariantGroup section */

/* Begin XCBuildConfiguration section */
		9036BB1C2964AEB10006C850 /* Debug */ = {
			isa = XCBuildConfiguration;
			buildSettings = {
				ALWAYS_SEARCH_USER_PATHS = NO;
				CLANG_ANALYZER_LOCALIZABILITY_NONLOCALIZED = YES;
				CLANG_ANALYZER_NONNULL = YES;
				CLANG_ANALYZER_NUMBER_OBJECT_CONVERSION = YES_AGGRESSIVE;
				CLANG_CXX_LANGUAGE_STANDARD = "gnu++20";
				CLANG_ENABLE_MODULES = YES;
				CLANG_ENABLE_OBJC_ARC = YES;
				CLANG_ENABLE_OBJC_WEAK = YES;
				CLANG_WARN_BLOCK_CAPTURE_AUTORELEASING = YES;
				CLANG_WARN_BOOL_CONVERSION = YES;
				CLANG_WARN_COMMA = YES;
				CLANG_WARN_CONSTANT_CONVERSION = YES;
				CLANG_WARN_DEPRECATED_OBJC_IMPLEMENTATIONS = YES;
				CLANG_WARN_DIRECT_OBJC_ISA_USAGE = YES_ERROR;
				CLANG_WARN_DOCUMENTATION_COMMENTS = YES;
				CLANG_WARN_EMPTY_BODY = YES;
				CLANG_WARN_ENUM_CONVERSION = YES;
				CLANG_WARN_INFINITE_RECURSION = YES;
				CLANG_WARN_INT_CONVERSION = YES;
				CLANG_WARN_NON_LITERAL_NULL_CONVERSION = YES;
				CLANG_WARN_OBJC_IMPLICIT_RETAIN_SELF = YES;
				CLANG_WARN_OBJC_LITERAL_CONVERSION = YES;
				CLANG_WARN_OBJC_ROOT_CLASS = YES_ERROR;
				CLANG_WARN_QUOTED_INCLUDE_IN_FRAMEWORK_HEADER = YES;
				CLANG_WARN_RANGE_LOOP_ANALYSIS = YES;
				CLANG_WARN_STRICT_PROTOTYPES = YES;
				CLANG_WARN_SUSPICIOUS_MOVE = YES;
				CLANG_WARN_UNGUARDED_AVAILABILITY = YES_AGGRESSIVE;
				CLANG_WARN_UNREACHABLE_CODE = YES;
				CLANG_WARN__DUPLICATE_METHOD_MATCH = YES;
				COPY_PHASE_STRIP = NO;
				DEBUG_INFORMATION_FORMAT = dwarf;
				ENABLE_STRICT_OBJC_MSGSEND = YES;
				ENABLE_TESTABILITY = YES;
				GCC_C_LANGUAGE_STANDARD = gnu11;
				GCC_DYNAMIC_NO_PIC = NO;
				GCC_NO_COMMON_BLOCKS = YES;
				GCC_OPTIMIZATION_LEVEL = 0;
				GCC_PREPROCESSOR_DEFINITIONS = (
					"DEBUG=1",
					"$(inherited)",
				);
				GCC_WARN_64_TO_32_BIT_CONVERSION = YES;
				GCC_WARN_ABOUT_RETURN_TYPE = YES_ERROR;
				GCC_WARN_UNDECLARED_SELECTOR = YES;
				GCC_WARN_UNINITIALIZED_AUTOS = YES_AGGRESSIVE;
				GCC_WARN_UNUSED_FUNCTION = YES;
				GCC_WARN_UNUSED_VARIABLE = YES;
				IPHONEOS_DEPLOYMENT_TARGET = 15.0;
				MTL_ENABLE_DEBUG_INFO = INCLUDE_SOURCE;
				MTL_FAST_MATH = YES;
				ONLY_ACTIVE_ARCH = YES;
				SWIFT_ACTIVE_COMPILATION_CONDITIONS = DEBUG;
				SWIFT_OPTIMIZATION_LEVEL = "-Onone";
			};
			name = Debug;
		};
		9036BB1D2964AEB10006C850 /* Release */ = {
			isa = XCBuildConfiguration;
			buildSettings = {
				ALWAYS_SEARCH_USER_PATHS = NO;
				CLANG_ANALYZER_LOCALIZABILITY_NONLOCALIZED = YES;
				CLANG_ANALYZER_NONNULL = YES;
				CLANG_ANALYZER_NUMBER_OBJECT_CONVERSION = YES_AGGRESSIVE;
				CLANG_CXX_LANGUAGE_STANDARD = "gnu++20";
				CLANG_ENABLE_MODULES = YES;
				CLANG_ENABLE_OBJC_ARC = YES;
				CLANG_ENABLE_OBJC_WEAK = YES;
				CLANG_WARN_BLOCK_CAPTURE_AUTORELEASING = YES;
				CLANG_WARN_BOOL_CONVERSION = YES;
				CLANG_WARN_COMMA = YES;
				CLANG_WARN_CONSTANT_CONVERSION = YES;
				CLANG_WARN_DEPRECATED_OBJC_IMPLEMENTATIONS = YES;
				CLANG_WARN_DIRECT_OBJC_ISA_USAGE = YES_ERROR;
				CLANG_WARN_DOCUMENTATION_COMMENTS = YES;
				CLANG_WARN_EMPTY_BODY = YES;
				CLANG_WARN_ENUM_CONVERSION = YES;
				CLANG_WARN_INFINITE_RECURSION = YES;
				CLANG_WARN_INT_CONVERSION = YES;
				CLANG_WARN_NON_LITERAL_NULL_CONVERSION = YES;
				CLANG_WARN_OBJC_IMPLICIT_RETAIN_SELF = YES;
				CLANG_WARN_OBJC_LITERAL_CONVERSION = YES;
				CLANG_WARN_OBJC_ROOT_CLASS = YES_ERROR;
				CLANG_WARN_QUOTED_INCLUDE_IN_FRAMEWORK_HEADER = YES;
				CLANG_WARN_RANGE_LOOP_ANALYSIS = YES;
				CLANG_WARN_STRICT_PROTOTYPES = YES;
				CLANG_WARN_SUSPICIOUS_MOVE = YES;
				CLANG_WARN_UNGUARDED_AVAILABILITY = YES_AGGRESSIVE;
				CLANG_WARN_UNREACHABLE_CODE = YES;
				CLANG_WARN__DUPLICATE_METHOD_MATCH = YES;
				COPY_PHASE_STRIP = NO;
				DEBUG_INFORMATION_FORMAT = "dwarf-with-dsym";
				ENABLE_NS_ASSERTIONS = NO;
				ENABLE_STRICT_OBJC_MSGSEND = YES;
				GCC_C_LANGUAGE_STANDARD = gnu11;
				GCC_NO_COMMON_BLOCKS = YES;
				GCC_WARN_64_TO_32_BIT_CONVERSION = YES;
				GCC_WARN_ABOUT_RETURN_TYPE = YES_ERROR;
				GCC_WARN_UNDECLARED_SELECTOR = YES;
				GCC_WARN_UNINITIALIZED_AUTOS = YES_AGGRESSIVE;
				GCC_WARN_UNUSED_FUNCTION = YES;
				GCC_WARN_UNUSED_VARIABLE = YES;
				IPHONEOS_DEPLOYMENT_TARGET = 15.0;
				MTL_ENABLE_DEBUG_INFO = NO;
				MTL_FAST_MATH = YES;
				SWIFT_COMPILATION_MODE = wholemodule;
				SWIFT_OPTIMIZATION_LEVEL = "-O";
			};
			name = Release;
		};
		9036BB1F2964AEB10006C850 /* Debug */ = {
			isa = XCBuildConfiguration;
			buildSettings = {
				ASSETCATALOG_COMPILER_APPICON_NAME = AppIcon;
				ASSETCATALOG_COMPILER_GLOBAL_ACCENT_COLOR_NAME = AccentColor;
				CODE_SIGN_ENTITLEMENTS = HIITFit/HIITFit.entitlements;
				CODE_SIGN_STYLE = Automatic;
				CURRENT_PROJECT_VERSION = 1;
				DEVELOPMENT_ASSET_PATHS = "\"HIITFit/Preview Content\"";
				DEVELOPMENT_TEAM = 862P2X6G9G;
				ENABLE_HARDENED_RUNTIME = YES;
				ENABLE_PREVIEWS = YES;
				GENERATE_INFOPLIST_FILE = YES;
				INFOPLIST_FILE = HIITFit/Info.plist;
				INFOPLIST_KEY_CFBundleDisplayName = HIITFit;
				INFOPLIST_KEY_LSApplicationCategoryType = "public.app-category.healthcare-fitness";
				"INFOPLIST_KEY_UIApplicationSceneManifest_Generation[sdk=iphoneos*]" = YES;
				"INFOPLIST_KEY_UIApplicationSceneManifest_Generation[sdk=iphonesimulator*]" = YES;
				"INFOPLIST_KEY_UIApplicationSupportsIndirectInputEvents[sdk=iphoneos*]" = YES;
				"INFOPLIST_KEY_UIApplicationSupportsIndirectInputEvents[sdk=iphonesimulator*]" = YES;
				"INFOPLIST_KEY_UILaunchScreen_Generation[sdk=iphoneos*]" = YES;
				"INFOPLIST_KEY_UILaunchScreen_Generation[sdk=iphonesimulator*]" = YES;
				INFOPLIST_KEY_UIRequiresFullScreen = NO;
				"INFOPLIST_KEY_UIStatusBarStyle[sdk=iphoneos*]" = UIStatusBarStyleDefault;
				"INFOPLIST_KEY_UIStatusBarStyle[sdk=iphonesimulator*]" = UIStatusBarStyleDefault;
				INFOPLIST_KEY_UISupportedInterfaceOrientations_iPad = "UIInterfaceOrientationPortrait UIInterfaceOrientationPortraitUpsideDown UIInterfaceOrientationLandscapeLeft UIInterfaceOrientationLandscapeRight";
				INFOPLIST_KEY_UISupportedInterfaceOrientations_iPhone = "UIInterfaceOrientationPortrait UIInterfaceOrientationLandscapeLeft UIInterfaceOrientationLandscapeRight";
				IPHONEOS_DEPLOYMENT_TARGET = 15.0;
				LD_RUNPATH_SEARCH_PATHS = "@executable_path/Frameworks";
				"LD_RUNPATH_SEARCH_PATHS[sdk=macosx*]" = "@executable_path/../Frameworks";
				MACOSX_DEPLOYMENT_TARGET = 13.1;
				MARKETING_VERSION = 1.0;
				PRODUCT_BUNDLE_IDENTIFIER = me.jinwook.kim.HIITFit;
				PRODUCT_NAME = "$(TARGET_NAME)";
				SDKROOT = auto;
				SUPPORTED_PLATFORMS = "iphoneos iphonesimulator macosx";
				SWIFT_EMIT_LOC_STRINGS = YES;
				SWIFT_VERSION = 5.0;
				TARGETED_DEVICE_FAMILY = "1,2";
			};
			name = Debug;
		};
		9036BB202964AEB10006C850 /* Release */ = {
			isa = XCBuildConfiguration;
			buildSettings = {
				ASSETCATALOG_COMPILER_APPICON_NAME = AppIcon;
				ASSETCATALOG_COMPILER_GLOBAL_ACCENT_COLOR_NAME = AccentColor;
				CODE_SIGN_ENTITLEMENTS = HIITFit/HIITFit.entitlements;
				CODE_SIGN_STYLE = Automatic;
				CURRENT_PROJECT_VERSION = 1;
				DEVELOPMENT_ASSET_PATHS = "\"HIITFit/Preview Content\"";
				DEVELOPMENT_TEAM = 862P2X6G9G;
				ENABLE_HARDENED_RUNTIME = YES;
				ENABLE_PREVIEWS = YES;
				GENERATE_INFOPLIST_FILE = YES;
				INFOPLIST_FILE = HIITFit/Info.plist;
				INFOPLIST_KEY_CFBundleDisplayName = HIITFit;
				INFOPLIST_KEY_LSApplicationCategoryType = "public.app-category.healthcare-fitness";
				"INFOPLIST_KEY_UIApplicationSceneManifest_Generation[sdk=iphoneos*]" = YES;
				"INFOPLIST_KEY_UIApplicationSceneManifest_Generation[sdk=iphonesimulator*]" = YES;
				"INFOPLIST_KEY_UIApplicationSupportsIndirectInputEvents[sdk=iphoneos*]" = YES;
				"INFOPLIST_KEY_UIApplicationSupportsIndirectInputEvents[sdk=iphonesimulator*]" = YES;
				"INFOPLIST_KEY_UILaunchScreen_Generation[sdk=iphoneos*]" = YES;
				"INFOPLIST_KEY_UILaunchScreen_Generation[sdk=iphonesimulator*]" = YES;
				INFOPLIST_KEY_UIRequiresFullScreen = NO;
				"INFOPLIST_KEY_UIStatusBarStyle[sdk=iphoneos*]" = UIStatusBarStyleDefault;
				"INFOPLIST_KEY_UIStatusBarStyle[sdk=iphonesimulator*]" = UIStatusBarStyleDefault;
				INFOPLIST_KEY_UISupportedInterfaceOrientations_iPad = "UIInterfaceOrientationPortrait UIInterfaceOrientationPortraitUpsideDown UIInterfaceOrientationLandscapeLeft UIInterfaceOrientationLandscapeRight";
				INFOPLIST_KEY_UISupportedInterfaceOrientations_iPhone = "UIInterfaceOrientationPortrait UIInterfaceOrientationLandscapeLeft UIInterfaceOrientationLandscapeRight";
				IPHONEOS_DEPLOYMENT_TARGET = 15.0;
				LD_RUNPATH_SEARCH_PATHS = "@executable_path/Frameworks";
				"LD_RUNPATH_SEARCH_PATHS[sdk=macosx*]" = "@executable_path/../Frameworks";
				MACOSX_DEPLOYMENT_TARGET = 13.1;
				MARKETING_VERSION = 1.0;
				PRODUCT_BUNDLE_IDENTIFIER = me.jinwook.kim.HIITFit;
				PRODUCT_NAME = "$(TARGET_NAME)";
				SDKROOT = auto;
				SUPPORTED_PLATFORMS = "iphoneos iphonesimulator macosx";
				SWIFT_EMIT_LOC_STRINGS = YES;
				SWIFT_VERSION = 5.0;
				TARGETED_DEVICE_FAMILY = "1,2";
			};
			name = Release;
		};
/* End XCBuildConfiguration section */

/* Begin XCConfigurationList section */
		9036BB0A2964AEB00006C850 /* Build configuration list for PBXProject "HIITFit" */ = {
			isa = XCConfigurationList;
			buildConfigurations = (
				9036BB1C2964AEB10006C850 /* Debug */,
				9036BB1D2964AEB10006C850 /* Release */,
			);
			defaultConfigurationIsVisible = 0;
			defaultConfigurationName = Release;
		};
		9036BB1E2964AEB10006C850 /* Build configuration list for PBXNativeTarget "HIITFit" */ = {
			isa = XCConfigurationList;
			buildConfigurations = (
				9036BB1F2964AEB10006C850 /* Debug */,
				9036BB202964AEB10006C850 /* Release */,
			);
			defaultConfigurationIsVisible = 0;
			defaultConfigurationName = Release;
		};
/* End XCConfigurationList section */
	};
	rootObject = 9036BB072964AEB00006C850 /* Project object */;
}
